Microsoft Visual Studio Solution File, Format Version 12.00
# Visual Studio Version 18
VisualStudioVersion = 18.0.11012.119
MinimumVisualStudioVersion = 10.0.40219.1
Project("{2150E333-8FDC-42A3-9474-1A3956D46DE8}") = "src", "src", "{9BE80829-17B0-4218-AB85-8954CCD17711}"
EndProject
Project("{FAE04EC0-301F-11D3-BF4B-00C04F79EFBC}") = "Application", "Application\Application.csproj", "{58EE12E4-4F37-4898-9EA0-11FC55FC0AD0}"
EndProject
Project("{FAE04EC0-301F-11D3-BF4B-00C04F79EFBC}") = "Domain", "Domain\Domain.csproj", "{9041BC8B-C6B0-409C-B928-D6372352B50E}"
EndProject
Project("{FAE04EC0-301F-11D3-BF4B-00C04F79EFBC}") = "Infrastructure", "Infrastructure\Infrastructure.csproj", "{1CA7FD7E-43C4-4877-87DB-AFB1E05EB007}"
EndProject
Project("{FAE04EC0-301F-11D3-BF4B-00C04F79EFBC}") = "Shared", "Shared\Shared.csproj", "{1F3659AA-7D8B-4DE3-94D9-A5A7AB44DD82}"
EndProject
Project("{FAE04EC0-301F-11D3-BF4B-00C04F79EFBC}") = "Web.Api", "Web.Api\Web.Api.csproj", "{A04FBEEC-C32F-4CAC-8AEA-F4899D594D69}"
EndProject
Project("{FAE04EC0-301F-11D3-BF4B-00C04F79EFBC}") = "ReverseProxy", "ReverseProxy\ReverseProxy.csproj", "{AFE87ACE-DBCA-30AE-1107-1B9074C59EA9}"
EndProject
Project("{FAE04EC0-301F-11D3-BF4B-00C04F79EFBC}") = "Web.API.UnitTests", "..\tests\ReverseProxy.UnitTests\Web.API.UnitTests.csproj", "{2AD0FB19-450D-455F-A62B-DB55443D7DAF}"
EndProject
Global
	GlobalSection(SolutionConfigurationPlatforms) = preSolution
		Debug|Any CPU = Debug|Any CPU
		Release|Any CPU = Release|Any CPU
	EndGlobalSection
	GlobalSection(ProjectConfigurationPlatforms) = postSolution
		{58EE12E4-4F37-4898-9EA0-11FC55FC0AD0}.Debug|Any CPU.ActiveCfg = Debug|Any CPU
		{58EE12E4-4F37-4898-9EA0-11FC55FC0AD0}.Debug|Any CPU.Build.0 = Debug|Any CPU
		{58EE12E4-4F37-4898-9EA0-11FC55FC0AD0}.Release|Any CPU.ActiveCfg = Release|Any CPU
		{58EE12E4-4F37-4898-9EA0-11FC55FC0AD0}.Release|Any CPU.Build.0 = Release|Any CPU
		{9041BC8B-C6B0-409C-B928-D6372352B50E}.Debug|Any CPU.ActiveCfg = Debug|Any CPU
		{9041BC8B-C6B0-409C-B928-D6372352B50E}.Debug|Any CPU.Build.0 = Debug|Any CPU
		{9041BC8B-C6B0-409C-B928-D6372352B50E}.Release|Any CPU.ActiveCfg = Release|Any CPU
		{9041BC8B-C6B0-409C-B928-D6372352B50E}.Release|Any CPU.Build.0 = Release|Any CPU
		{1CA7FD7E-43C4-4877-87DB-AFB1E05EB007}.Debug|Any CPU.ActiveCfg = Debug|Any CPU
		{1CA7FD7E-43C4-4877-87DB-AFB1E05EB007}.Debug|Any CPU.Build.0 = Debug|Any CPU
		{1CA7FD7E-43C4-4877-87DB-AFB1E05EB007}.Release|Any CPU.ActiveCfg = Release|Any CPU
		{1CA7FD7E-43C4-4877-87DB-AFB1E05EB007}.Release|Any CPU.Build.0 = Release|Any CPU
		{1F3659AA-7D8B-4DE3-94D9-A5A7AB44DD82}.Debug|Any CPU.ActiveCfg = Debug|Any CPU
		{1F3659AA-7D8B-4DE3-94D9-A5A7AB44DD82}.Debug|Any CPU.Build.0 = Debug|Any CPU
		{1F3659AA-7D8B-4DE3-94D9-A5A7AB44DD82}.Release|Any CPU.ActiveCfg = Release|Any CPU
		{1F3659AA-7D8B-4DE3-94D9-A5A7AB44DD82}.Release|Any CPU.Build.0 = Release|Any CPU
		{A04FBEEC-C32F-4CAC-8AEA-F4899D594D69}.Debug|Any CPU.ActiveCfg = Debug|Any CPU
		{A04FBEEC-C32F-4CAC-8AEA-F4899D594D69}.Debug|Any CPU.Build.0 = Debug|Any CPU
		{A04FBEEC-C32F-4CAC-8AEA-F4899D594D69}.Release|Any CPU.ActiveCfg = Release|Any CPU
		{A04FBEEC-C32F-4CAC-8AEA-F4899D594D69}.Release|Any CPU.Build.0 = Release|Any CPU
		{AFE87ACE-DBCA-30AE-1107-1B9074C59EA9}.Debug|Any CPU.ActiveCfg = Debug|Any CPU
		{AFE87ACE-DBCA-30AE-1107-1B9074C59EA9}.Debug|Any CPU.Build.0 = Debug|Any CPU
		{AFE87ACE-DBCA-30AE-1107-1B9074C59EA9}.Release|Any CPU.ActiveCfg = Release|Any CPU
		{AFE87ACE-DBCA-30AE-1107-1B9074C59EA9}.Release|Any CPU.Build.0 = Release|Any CPU
		{2AD0FB19-450D-455F-A62B-DB55443D7DAF}.Debug|Any CPU.ActiveCfg = Debug|Any CPU
		{2AD0FB19-450D-455F-A62B-DB55443D7DAF}.Debug|Any CPU.Build.0 = Debug|Any CPU
		{2AD0FB19-450D-455F-A62B-DB55443D7DAF}.Release|Any CPU.ActiveCfg = Release|Any CPU
		{2AD0FB19-450D-455F-A62B-DB55443D7DAF}.Release|Any CPU.Build.0 = Release|Any CPU
	EndGlobalSection
	GlobalSection(SolutionProperties) = preSolution
		HideSolutionNode = FALSE
	EndGlobalSection
	GlobalSection(NestedProjects) = preSolution
		{58EE12E4-4F37-4898-9EA0-11FC55FC0AD0} = {9BE80829-17B0-4218-AB85-8954CCD17711}
		{9041BC8B-C6B0-409C-B928-D6372352B50E} = {9BE80829-17B0-4218-AB85-8954CCD17711}
		{1CA7FD7E-43C4-4877-87DB-AFB1E05EB007} = {9BE80829-17B0-4218-AB85-8954CCD17711}
		{1F3659AA-7D8B-4DE3-94D9-A5A7AB44DD82} = {9BE80829-17B0-4218-AB85-8954CCD17711}
		{A04FBEEC-C32F-4CAC-8AEA-F4899D594D69} = {9BE80829-17B0-4218-AB85-8954CCD17711}
		{AFE87ACE-DBCA-30AE-1107-1B9074C59EA9} = {9BE80829-17B0-4218-AB85-8954CCD17711}
		{2AD0FB19-450D-455F-A62B-DB55443D7DAF} = {9BE80829-17B0-4218-AB85-8954CCD17711}
	EndGlobalSection
	GlobalSection(ExtensibilityGlobals) = postSolution
		SolutionGuid = {2D3EF3D6-E23F-4F25-BA47-18F7438F83CB}
	EndGlobalSection
EndGlobal
